
Microsoft Visual Studio Solution File, Format Version 12.00
# Visual Studio Version 17
VisualStudioVersion = 17.2.32519.379
MinimumVisualStudioVersion = 10.0.40219.1
Project("{FAE04EC0-301F-11D3-BF4B-00C04F79EFBC}") = "ContactManager", "ContactManager\ContactManager.csproj", "{23C5847F-4AAF-43D4-A1A2-EDF9E382E76F}"
EndProject
Global
	GlobalSection(SolutionConfigurationPlatforms) = preSolution
		Debug|Any CPU = Debug|Any CPU
		Release|Any CPU = Release|Any CPU
	EndGlobalSection
	GlobalSection(ProjectConfigurationPlatforms) = postSolution
		{23C5847F-4AAF-43D4-A1A2-EDF9E382E76F}.Debug|Any CPU.ActiveCfg = Debug|Any CPU
		{23C5847F-4AAF-43D4-A1A2-EDF9E382E76F}.Debug|Any CPU.Build.0 = Debug|Any CPU
		{23C5847F-4AAF-43D4-A1A2-EDF9E382E76F}.Release|Any CPU.ActiveCfg = Release|Any CPU
		{23C5847F-4AAF-43D4-A1A2-EDF9E382E76F}.Release|Any CPU.Build.0 = Release|Any CPU
	EndGlobalSection
	GlobalSection(SolutionProperties) = preSolution
		HideSolutionNode = FALSE
	EndGlobalSection
	GlobalSection(ExtensibilityGlobals) = postSolution
		SolutionGuid = {B0DD92C6-83F8-4C86-B9A5-586BF1DD6ADC}
	EndGlobalSection
EndGlobal
